
Microsoft Visual Studio Solution File, Format Version 12.00
# Visual Studio Version 16
VisualStudioVersion = 16.0.33927.289
MinimumVisualStudioVersion = 10.0.40219.1
Project("{FAE04EC0-301F-11D3-BF4B-00C04F79EFBC}") = "lab4", "lab4\lab4.csproj", "{612919CB-3E6A-429F-9602-C99BF6B54A42}"
EndProject
Global
	GlobalSection(SolutionConfigurationPlatforms) = preSolution
		Debug|Any CPU = Debug|Any CPU
		Release|Any CPU = Release|Any CPU
	EndGlobalSection
	GlobalSection(ProjectConfigurationPlatforms) = postSolution
		{612919CB-3E6A-429F-9602-C99BF6B54A42}.Debug|Any CPU.ActiveCfg = Debug|Any CPU
		{612919CB-3E6A-429F-9602-C99BF6B54A42}.Debug|Any CPU.Build.0 = Debug|Any CPU
		{612919CB-3E6A-429F-9602-C99BF6B54A42}.Release|Any CPU.ActiveCfg = Release|Any CPU
		{612919CB-3E6A-429F-9602-C99BF6B54A42}.Release|Any CPU.Build.0 = Release|Any CPU
	EndGlobalSection
	GlobalSection(SolutionProperties) = preSolution
		HideSolutionNode = FALSE
	EndGlobalSection
	GlobalSection(ExtensibilityGlobals) = postSolution
		SolutionGuid = {8439CBD7-9D2A-4C5B-ABFC-72290E4883B3}
	EndGlobalSection
EndGlobal
